{
  "lockfile_version": "1",
  "packages": {
    "age@latest": {
      "last_modified": "2025-02-07T11:26:36Z",
      "resolved": "github:NixOS/nixpkgs/d98abf5cf5914e5e4e9d57205e3af55ca90ffc1d#age",
      "source": "devbox-search",
      "version": "1.2.1",
      "systems": {
        "aarch64-darwin": {
          "outputs": [
            {
              "name": "out",
              "path": "/nix/store/25yv99a0063sj9iwmll3cd824li509zr-age-1.2.1",
              "default": true
            }
          ],
          "store_path": "/nix/store/25yv99a0063sj9iwmll3cd824li509zr-age-1.2.1"
        },
        "aarch64-linux": {
          "outputs": [
            {
              "name": "out",
              "path": "/nix/store/pkk14yxri15baxrmvmyb1d9i9zqnmii6-age-1.2.1",
              "default": true
            }
          ],
          "store_path": "/nix/store/pkk14yxri15baxrmvmyb1d9i9zqnmii6-age-1.2.1"
        },
        "x86_64-darwin": {
          "outputs": [
            {
              "name": "out",
              "path": "/nix/store/h2v8a0fs2hn042m9gp1ldaxvm263gy2y-age-1.2.1",
              "default": true
            }
          ],
          "store_path": "/nix/store/h2v8a0fs2hn042m9gp1ldaxvm263gy2y-age-1.2.1"
        },
        "x86_64-linux": {
          "outputs": [
            {
              "name": "out",
              "path": "/nix/store/lhsrq5ysah5jkzv8pjrcxra163k59mz1-age-1.2.1",
              "default": true
            }
          ],
          "store_path": "/nix/store/lhsrq5ysah5jkzv8pjrcxra163k59mz1-age-1.2.1"
        }
      }
    },
    "aws-vault@latest": {
      "last_modified": "2025-02-07T11:26:36Z",
      "resolved": "github:NixOS/nixpkgs/d98abf5cf5914e5e4e9d57205e3af55ca90ffc1d#aws-vault",
      "source": "devbox-search",
      "version": "7.2.0",
      "systems": {
        "aarch64-darwin": {
          "outputs": [
            {
              "name": "out",
              "path": "/nix/store/i6mg9bvc56yfynjp4gi3ygkw8h34785z-aws-vault-7.2.0",
              "default": true
            }
          ],
          "store_path": "/nix/store/i6mg9bvc56yfynjp4gi3ygkw8h34785z-aws-vault-7.2.0"
        },
        "aarch64-linux": {
          "outputs": [
            {
              "name": "out",
              "path": "/nix/store/n956sg4rpdvxwshyl1zymwks1xdj37na-aws-vault-7.2.0",
              "default": true
            }
          ],
          "store_path": "/nix/store/n956sg4rpdvxwshyl1zymwks1xdj37na-aws-vault-7.2.0"
        },
        "x86_64-darwin": {
          "outputs": [
            {
              "name": "out",
              "path": "/nix/store/4n8qmh1i9820rx2fm67nhkrdlpj2kdzr-aws-vault-7.2.0",
              "default": true
            }
          ],
          "store_path": "/nix/store/4n8qmh1i9820rx2fm67nhkrdlpj2kdzr-aws-vault-7.2.0"
        },
        "x86_64-linux": {
          "outputs": [
            {
              "name": "out",
              "path": "/nix/store/rr5g5rhlwifdyczdi28lxgh1hyvmj9mi-aws-vault-7.2.0",
              "default": true
            }
          ],
          "store_path": "/nix/store/rr5g5rhlwifdyczdi28lxgh1hyvmj9mi-aws-vault-7.2.0"
        }
      }
    },
    "awscli2@latest": {
      "last_modified": "2025-02-07T11:26:36Z",
      "resolved": "github:NixOS/nixpkgs/d98abf5cf5914e5e4e9d57205e3af55ca90ffc1d#awscli2",
      "source": "devbox-search",
      "version": "2.23.11",
      "systems": {
        "aarch64-darwin": {
          "outputs": [
            {
              "name": "out",
              "path": "/nix/store/xgc375fqnx7i91psclrxmazgxb328n0v-awscli2-2.23.11",
              "default": true
            },
            {
              "name": "dist",
              "path": "/nix/store/qzbmzsdc3rf35m8qwmi5gh9gw5f30haa-awscli2-2.23.11-dist"
            }
          ],
          "store_path": "/nix/store/xgc375fqnx7i91psclrxmazgxb328n0v-awscli2-2.23.11"
        },
        "aarch64-linux": {
          "outputs": [
            {
              "name": "out",
              "path": "/nix/store/lvzxygzya67f3xnnkb99qqjhvhizqmn8-awscli2-2.23.11",
              "default": true
            },
            {
              "name": "dist",
              "path": "/nix/store/rp6zsiw7ajssnnxm8gb5vrqz89k9wy96-awscli2-2.23.11-dist"
            }
          ],
          "store_path": "/nix/store/lvzxygzya67f3xnnkb99qqjhvhizqmn8-awscli2-2.23.11"
        },
        "x86_64-darwin": {
          "outputs": [
            {
              "name": "out",
              "path": "/nix/store/5mg2kvwga04jghvngskhmwmwrk1f8i5z-awscli2-2.23.11",
              "default": true
            },
            {
              "name": "dist",
              "path": "/nix/store/n3na3vqiavqcd7r6g4g1vnhq5hic7xiq-awscli2-2.23.11-dist"
            }
          ],
          "store_path": "/nix/store/5mg2kvwga04jghvngskhmwmwrk1f8i5z-awscli2-2.23.11"
        },
        "x86_64-linux": {
          "outputs": [
            {
              "name": "out",
              "path": "/nix/store/29xal5qblw03j0kfs7jxsh3zxw35626d-awscli2-2.23.11",
              "default": true
            },
            {
              "name": "dist",
              "path": "/nix/store/3a2a50la3rzsxkl14hia26zrsal4hq6m-awscli2-2.23.11-dist"
            }
          ],
          "store_path": "/nix/store/29xal5qblw03j0kfs7jxsh3zxw35626d-awscli2-2.23.11"
        }
      }
    },
    "bash@latest": {
      "last_modified": "2025-02-17T23:19:04Z",
      "resolved": "github:NixOS/nixpkgs/f0295845e58ada369322524631821b01c0db13a7#bash",
      "source": "devbox-search",
      "version": "5.2p37",
      "systems": {
        "aarch64-darwin": {
          "outputs": [
            {
              "name": "out",
              "path": "/nix/store/x7m765hh1m4yikg9spw18lxldddvdnd0-bash-5.2p37",
              "default": true
            },
            {
              "name": "man",
              "path": "/nix/store/g4644qdjw2mfasbpw2i3jxnpwr6nd17r-bash-5.2p37-man",
              "default": true
            },
            {
              "name": "dev",
              "path": "/nix/store/lvzia0d3yzmvb2d8h97d2c5djmir82m3-bash-5.2p37-dev"
            },
            {
              "name": "doc",
              "path": "/nix/store/i39wknl65n119i5s9pfacmqnhh3rhbhv-bash-5.2p37-doc"
            },
            {
              "name": "info",
              "path": "/nix/store/791dwjbfv2nzliakq8abh1c7838y45jn-bash-5.2p37-info"
            }
          ],
          "store_path": "/nix/store/x7m765hh1m4yikg9spw18lxldddvdnd0-bash-5.2p37"
        },
        "aarch64-linux": {
          "outputs": [
            {
              "name": "out",
              "path": "/nix/store/ck4s3x3jvml21zpny04xg7fbi8qpxjax-bash-5.2p37",
              "default": true
            },
            {
              "name": "man",
              "path": "/nix/store/cv1y5m7r49xnrhq1hsii2234h1idxgcd-bash-5.2p37-man",
              "default": true
            },
            {
              "name": "debug",
              "path": "/nix/store/ny1pzl2g4y6qy2dgz8sxqncaisqfbk8i-bash-5.2p37-debug"
            },
            {
              "name": "dev",
              "path": "/nix/store/ghy23l8jiycbyv5plqgmg9b73hxrx4w6-bash-5.2p37-dev"
            },
            {
              "name": "doc",
              "path": "/nix/store/n1a21n2qknyaivgsxhn0kxmkzzkyxqg3-bash-5.2p37-doc"
            },
            {
              "name": "info",
              "path": "/nix/store/mns084p99fvdbc7ifygrbsrgrn8dcrsf-bash-5.2p37-info"
            }
          ],
          "store_path": "/nix/store/ck4s3x3jvml21zpny04xg7fbi8qpxjax-bash-5.2p37"
        },
        "x86_64-darwin": {
          "outputs": [
            {
              "name": "out",
              "path": "/nix/store/69mz5vmvbjxdxksqj85fbhwfhbmybcgj-bash-5.2p37",
              "default": true
            },
            {
              "name": "man",
              "path": "/nix/store/yw6pv0q6ssrbpx9pqj4c78d3lclcr4f6-bash-5.2p37-man",
              "default": true
            },
            {
              "name": "dev",
              "path": "/nix/store/2hsqflr816z5rraqwyyb5sbfg6r70b92-bash-5.2p37-dev"
            },
            {
              "name": "doc",
              "path": "/nix/store/d0x13sd2psgpxyx1pny3hsccpggxxxz2-bash-5.2p37-doc"
            },
            {
              "name": "info",
              "path": "/nix/store/lpyj7bfa5363phq7cv3sin3w5zksaa7f-bash-5.2p37-info"
            }
          ],
          "store_path": "/nix/store/69mz5vmvbjxdxksqj85fbhwfhbmybcgj-bash-5.2p37"
        },
        "x86_64-linux": {
          "outputs": [
            {
              "name": "out",
              "path": "/nix/store/fd118hwh7d1ncib4mdw56ylv3g9k0iyj-bash-5.2p37",
              "default": true
            },
            {
              "name": "man",
              "path": "/nix/store/achqvxy56zsj5m52dxjvkcv49wx88wbs-bash-5.2p37-man",
              "default": true
            },
            {
              "name": "debug",
              "path": "/nix/store/49mi26isc56vmlkygi5h8nfl1vl44rbb-bash-5.2p37-debug"
            },
            {
              "name": "dev",
              "path": "/nix/store/zfn6iwxk9ic0zanskdwq6lh47czn89bs-bash-5.2p37-dev"
            },
            {
              "name": "doc",
              "path": "/nix/store/i8f48s9m01hfak0in0368c4zg2ikx0qy-bash-5.2p37-doc"
            },
            {
              "name": "info",
              "path": "/nix/store/lpbkspxd1x9pjhzczsdxrvkkasp8jm5i-bash-5.2p37-info"
            }
          ],
          "store_path": "/nix/store/fd118hwh7d1ncib4mdw56ylv3g9k0iyj-bash-5.2p37"
        }
      }
    },
    "coreutils@latest": {
      "last_modified": "2025-02-23T09:42:26Z",
      "resolved": "github:NixOS/nixpkgs/2d068ae5c6516b2d04562de50a58c682540de9bf#coreutils",
      "source": "devbox-search",
      "version": "9.6",
      "systems": {
        "aarch64-darwin": {
          "outputs": [
            {
              "name": "out",
              "path": "/nix/store/fc3m1n18s3a5rs4fffaqhiykvdx7s32n-coreutils-9.6",
              "default": true
            },
            {
              "name": "info",
              "path": "/nix/store/drjn3f345aahdswbllkmak16iiwia3a1-coreutils-9.6-info"
            }
          ],
          "store_path": "/nix/store/fc3m1n18s3a5rs4fffaqhiykvdx7s32n-coreutils-9.6"
        },
        "aarch64-linux": {
          "outputs": [
            {
              "name": "out",
              "path": "/nix/store/rs83v3ivkadsk9p1wk9qrzr3af26x829-coreutils-9.6",
              "default": true
            },
            {
              "name": "debug",
              "path": "/nix/store/j44aax6v510vrqw3xy8xai2kxrs0dhd8-coreutils-9.6-debug"
            },
            {
              "name": "info",
              "path": "/nix/store/5f2kqrs31kz6ci1x3y1s9jidh2p0r7aw-coreutils-9.6-info"
            }
          ],
          "store_path": "/nix/store/rs83v3ivkadsk9p1wk9qrzr3af26x829-coreutils-9.6"
        },
        "x86_64-darwin": {
          "outputs": [
            {
              "name": "out",
              "path": "/nix/store/lhskijnyvsflx262m1f2sahijzqcpdh4-coreutils-9.6",
              "default": true
            },
            {
              "name": "info",
              "path": "/nix/store/y82r414nsybv15q3g8gw9vi7vb152p4g-coreutils-9.6-info"
            }
          ],
          "store_path": "/nix/store/lhskijnyvsflx262m1f2sahijzqcpdh4-coreutils-9.6"
        },
        "x86_64-linux": {
          "outputs": [
            {
              "name": "out",
              "path": "/nix/store/fr9yr63a1267cr0r86w18c77mh3xavcc-coreutils-9.6",
              "default": true
            },
            {
              "name": "debug",
              "path": "/nix/store/m6wn8q0zvy7pz6wjd221hav5w4blicf7-coreutils-9.6-debug"
            },
            {
              "name": "info",
              "path": "/nix/store/i3bay64pdck4zq094qks7j1ivg042nzg-coreutils-9.6-info"
            }
          ],
          "store_path": "/nix/store/fr9yr63a1267cr0r86w18c77mh3xavcc-coreutils-9.6"
        }
      }
    },
    "fd@latest": {
      "last_modified": "2025-02-07T11:26:36Z",
      "resolved": "github:NixOS/nixpkgs/d98abf5cf5914e5e4e9d57205e3af55ca90ffc1d#fd",
      "source": "devbox-search",
      "version": "10.2.0",
      "systems": {
        "aarch64-darwin": {
          "outputs": [
            {
              "name": "out",
              "path": "/nix/store/ad5m54pfn9k39v80lpyhrnsh336nqrp5-fd-10.2.0",
              "default": true
            }
          ],
          "store_path": "/nix/store/ad5m54pfn9k39v80lpyhrnsh336nqrp5-fd-10.2.0"
        },
        "aarch64-linux": {
          "outputs": [
            {
              "name": "out",
              "path": "/nix/store/vn3mny38qmf3lm809rpcvahxqwhkqb7m-fd-10.2.0",
              "default": true
            }
          ],
          "store_path": "/nix/store/vn3mny38qmf3lm809rpcvahxqwhkqb7m-fd-10.2.0"
        },
        "x86_64-darwin": {
          "outputs": [
            {
              "name": "out",
              "path": "/nix/store/6kdv4iy9j3svncq0vs47wxfvvn7flcr5-fd-10.2.0",
              "default": true
            }
          ],
          "store_path": "/nix/store/6kdv4iy9j3svncq0vs47wxfvvn7flcr5-fd-10.2.0"
        },
        "x86_64-linux": {
          "outputs": [
            {
              "name": "out",
              "path": "/nix/store/x58pg72qw2xv1vvs4pbqw63zhkdkp331-fd-10.2.0",
              "default": true
            }
          ],
          "store_path": "/nix/store/x58pg72qw2xv1vvs4pbqw63zhkdkp331-fd-10.2.0"
        }
      }
    },
    "github:NixOS/nixpkgs/nixpkgs-unstable": {
      "resolved": "github:NixOS/nixpkgs/d9b69c3ec2a2e2e971c534065bdd53374bd68b97?lastModified=1740396192&narHash=sha256-ATMHHrg3sG1KgpQA5x8I%2BzcYpp5Sf17FaFj%2FfN%2B8OoQ%3D"
    },
    "goimports-reviser@latest": {
      "last_modified": "2025-02-07T11:26:36Z",
      "resolved": "github:NixOS/nixpkgs/d98abf5cf5914e5e4e9d57205e3af55ca90ffc1d#goimports-reviser",
      "source": "devbox-search",
      "version": "3.8.2",
      "systems": {
        "aarch64-darwin": {
          "outputs": [
            {
              "name": "out",
              "path": "/nix/store/ymz16z7jg17sq8f1s4008hxrcb8j658y-goimports-reviser-3.8.2",
              "default": true
            }
          ],
          "store_path": "/nix/store/ymz16z7jg17sq8f1s4008hxrcb8j658y-goimports-reviser-3.8.2"
        },
        "aarch64-linux": {
          "outputs": [
            {
              "name": "out",
              "path": "/nix/store/friygr9mz6wx96aikv908niz7v9zdx5h-goimports-reviser-3.8.2",
              "default": true
            }
          ],
          "store_path": "/nix/store/friygr9mz6wx96aikv908niz7v9zdx5h-goimports-reviser-3.8.2"
        },
        "x86_64-darwin": {
          "outputs": [
            {
              "name": "out",
              "path": "/nix/store/hy528rd2sr7fr9jrafb9m046wr3f3hwa-goimports-reviser-3.8.2",
              "default": true
            }
          ],
          "store_path": "/nix/store/hy528rd2sr7fr9jrafb9m046wr3f3hwa-goimports-reviser-3.8.2"
        },
        "x86_64-linux": {
          "outputs": [
            {
              "name": "out",
              "path": "/nix/store/1nqa1mqq9cjx2xzr8ix4030bknjp0zrh-goimports-reviser-3.8.2",
              "default": true
            }
          ],
          "store_path": "/nix/store/1nqa1mqq9cjx2xzr8ix4030bknjp0zrh-goimports-reviser-3.8.2"
        }
      }
    },
    "jq@latest": {
      "last_modified": "2025-02-18T07:26:52Z",
      "resolved": "github:NixOS/nixpkgs/632f04521e847173c54fa72973ec6c39a371211c#jq",
      "source": "devbox-search",
      "version": "1.7.1",
      "systems": {
        "aarch64-darwin": {
          "outputs": [
            {
              "name": "bin",
              "path": "/nix/store/lmlmb3a5kzza0si8xfghr7x17vg8bzxb-jq-1.7.1-bin",
              "default": true
            },
            {
              "name": "man",
              "path": "/nix/store/afygplc4dm1ry7ww3702wafvy8bs9sxc-jq-1.7.1-man",
              "default": true
            },
            {
              "name": "dev",
              "path": "/nix/store/89q76wghz9xj2myglfwpv0n6yc19c8i6-jq-1.7.1-dev"
            },
            {
              "name": "doc",
              "path": "/nix/store/dw2717n906kj3xp090fg9cqvcm747jic-jq-1.7.1-doc"
            },
            {
              "name": "out",
              "path": "/nix/store/jm1bv0cha32k9967sv0z40kqgn5slz4i-jq-1.7.1"
            }
          ],
          "store_path": "/nix/store/lmlmb3a5kzza0si8xfghr7x17vg8bzxb-jq-1.7.1-bin"
        },
        "aarch64-linux": {
          "outputs": [
            {
              "name": "bin",
              "path": "/nix/store/vwpm32inl7g5w4p1hqkhjlj1wv0ic67y-jq-1.7.1-bin",
              "default": true
            },
            {
              "name": "man",
              "path": "/nix/store/m546xg6bwy8i785z5a7nx1ca3k9isd93-jq-1.7.1-man",
              "default": true
            },
            {
              "name": "dev",
              "path": "/nix/store/fn8f3hh3k8z3xxkl6al6qx78577w4hdx-jq-1.7.1-dev"
            },
            {
              "name": "doc",
              "path": "/nix/store/jzcllz8ry9hnlpq954ik9fi215iir24l-jq-1.7.1-doc"
            },
            {
              "name": "out",
              "path": "/nix/store/msmdzk125aal9mj8d0gd7r4sygh0mg4m-jq-1.7.1"
            }
          ],
          "store_path": "/nix/store/vwpm32inl7g5w4p1hqkhjlj1wv0ic67y-jq-1.7.1-bin"
        },
        "x86_64-darwin": {
          "outputs": [
            {
              "name": "bin",
              "path": "/nix/store/j7hzqr3vfjghlm3wfy8va9b6abwhdkpf-jq-1.7.1-bin",
              "default": true
            },
            {
              "name": "man",
              "path": "/nix/store/1yr3pl2mrbb09i203bi1qppbzp4dvp7w-jq-1.7.1-man",
              "default": true
            },
            {
              "name": "dev",
              "path": "/nix/store/5sqag6l82rxxl24vj688vmqrqk4kg45z-jq-1.7.1-dev"
            },
            {
              "name": "doc",
              "path": "/nix/store/bg150ikzp69zfjb1klcckzpjy88djnag-jq-1.7.1-doc"
            },
            {
              "name": "out",
              "path": "/nix/store/jw6m3k9r4a7mvzcxr66fxib0s4182i9d-jq-1.7.1"
            }
          ],
          "store_path": "/nix/store/j7hzqr3vfjghlm3wfy8va9b6abwhdkpf-jq-1.7.1-bin"
        },
        "x86_64-linux": {
          "outputs": [
            {
              "name": "bin",
              "path": "/nix/store/n4xfh00cw7vnwnrlx9asp545z82pazgc-jq-1.7.1-bin",
              "default": true
            },
            {
              "name": "man",
              "path": "/nix/store/fj5sc6yb8v39min7kavc0i24nwmlsyki-jq-1.7.1-man",
              "default": true
            },
            {
              "name": "dev",
              "path": "/nix/store/lcjisy815hp4agl57xqh2w6mic1v8jlf-jq-1.7.1-dev"
            },
            {
              "name": "doc",
              "path": "/nix/store/41ir7g8plmi9257c4g8ag94jl9vhkp4l-jq-1.7.1-doc"
            },
            {
              "name": "out",
              "path": "/nix/store/4b9rswbcgqiqidglpz6nrwlsfkhi7v22-jq-1.7.1"
            }
          ],
          "store_path": "/nix/store/n4xfh00cw7vnwnrlx9asp545z82pazgc-jq-1.7.1-bin"
        }
      }
    },
    "just@latest": {
      "last_modified": "2025-02-16T09:28:34Z",
      "resolved": "github:NixOS/nixpkgs/b1b43d32be000928cc71250ed77f4a0a5f2bc23a#just",
      "source": "devbox-search",
      "version": "1.39.0",
      "systems": {
        "aarch64-darwin": {
          "outputs": [
            {
              "name": "out",
              "path": "/nix/store/7bn46fl2hqjim960bgf5mx00xrypnasb-just-1.39.0",
              "default": true
            },
            {
              "name": "man",
              "path": "/nix/store/ydyky07sc2aq6al94ncmyrj9dzgylzpw-just-1.39.0-man",
              "default": true
            },
            {
              "name": "doc",
              "path": "/nix/store/n2h7g1pvnl50l1c0mnwlw6ychvjr7d3f-just-1.39.0-doc"
            }
          ],
          "store_path": "/nix/store/7bn46fl2hqjim960bgf5mx00xrypnasb-just-1.39.0"
        },
        "aarch64-linux": {
          "outputs": [
            {
              "name": "out",
              "path": "/nix/store/c81p578r4qgcxpd1v8iy0g1zpp5zvala-just-1.39.0",
              "default": true
            },
            {
              "name": "man",
              "path": "/nix/store/xyj23wacamprbqgfz7hbmn3aaghnkph3-just-1.39.0-man",
              "default": true
            },
            {
              "name": "doc",
              "path": "/nix/store/9h788ccn90mzpd3ljf81l7zfn4rgf0sm-just-1.39.0-doc"
            }
          ],
          "store_path": "/nix/store/c81p578r4qgcxpd1v8iy0g1zpp5zvala-just-1.39.0"
        },
        "x86_64-darwin": {
          "outputs": [
            {
              "name": "out",
              "path": "/nix/store/a9c2m24hznpx15z31d9sv9v4pwc3v5yw-just-1.39.0",
              "default": true
            },
            {
              "name": "man",
              "path": "/nix/store/xzsnsx2wkc1si0yylkhlr827qypdag58-just-1.39.0-man",
              "default": true
            },
            {
              "name": "doc",
              "path": "/nix/store/qvpzazymr1h2hp8ap0gamak6xj476vg5-just-1.39.0-doc"
            }
          ],
          "store_path": "/nix/store/a9c2m24hznpx15z31d9sv9v4pwc3v5yw-just-1.39.0"
        },
        "x86_64-linux": {
          "outputs": [
            {
              "name": "out",
              "path": "/nix/store/zl4v9j9ir2pv9j344ibn58cf1sgwiz3i-just-1.39.0",
              "default": true
            },
            {
              "name": "man",
              "path": "/nix/store/4drvdrkg0wh881rzzfp4ad33nppcfcpd-just-1.39.0-man",
              "default": true
            },
            {
              "name": "doc",
              "path": "/nix/store/7ny7c6g1yhavs0z5hlwmgss4r04wwkx8-just-1.39.0-doc"
            }
          ],
          "store_path": "/nix/store/zl4v9j9ir2pv9j344ibn58cf1sgwiz3i-just-1.39.0"
        }
      }
    },
    "openssl@latest": {
      "last_modified": "2025-02-16T09:28:34Z",
      "resolved": "github:NixOS/nixpkgs/b1b43d32be000928cc71250ed77f4a0a5f2bc23a#openssl",
      "source": "devbox-search",
      "version": "3.3.2",
      "systems": {
        "aarch64-darwin": {
          "outputs": [
            {
              "name": "bin",
              "path": "/nix/store/zj58751zm172i15ywq2wrvz1ik9kibzz-openssl-3.3.2-bin",
              "default": true
            },
            {
              "name": "man",
              "path": "/nix/store/rm3kxgry1lbjk9g9ndwnf3vd4rh6bcgb-openssl-3.3.2-man",
              "default": true
            },
            {
              "name": "dev",
              "path": "/nix/store/rbi3n6sms2kd3baa64ihg8vxnqi63bcp-openssl-3.3.2-dev"
            },
            {
              "name": "doc",
              "path": "/nix/store/fklxyh5m2nr3wcpnq7gkpk1ar0cj6q10-openssl-3.3.2-doc"
            },
            {
              "name": "out",
              "path": "/nix/store/xyyrhzi79jag316qbydnfh4sxm6bw95r-openssl-3.3.2"
            }
          ],
          "store_path": "/nix/store/zj58751zm172i15ywq2wrvz1ik9kibzz-openssl-3.3.2-bin"
        },
        "aarch64-linux": {
          "outputs": [
            {
              "name": "bin",
              "path": "/nix/store/dwrx1xn4f1x0lam487dgix5gfvcisvyy-openssl-3.3.2-bin",
              "default": true
            },
            {
              "name": "man",
              "path": "/nix/store/wd5mckjjzmd87b773yyb2d8iyh3x6rwl-openssl-3.3.2-man",
              "default": true
            },
            {
              "name": "out",
              "path": "/nix/store/v4yfbfcnvh6hm0zcpjkqlpray04qpq6x-openssl-3.3.2"
            },
            {
              "name": "debug",
              "path": "/nix/store/p05xygfm7sgrfz5i727zgqb86lw1rc1r-openssl-3.3.2-debug"
            },
            {
              "name": "dev",
              "path": "/nix/store/w12hgvqw206p4vi5a19m226d5nq8vb8m-openssl-3.3.2-dev"
            },
            {
              "name": "doc",
              "path": "/nix/store/7f2jksn2m9l3cgx6lczl7w5jafcrcrdm-openssl-3.3.2-doc"
            }
          ],
          "store_path": "/nix/store/dwrx1xn4f1x0lam487dgix5gfvcisvyy-openssl-3.3.2-bin"
        },
        "x86_64-darwin": {
          "outputs": [
            {
              "name": "bin",
              "path": "/nix/store/k304w3422xydq6lawqk76sl4s8d711yn-openssl-3.3.2-bin",
              "default": true
            },
            {
              "name": "man",
              "path": "/nix/store/avbsvgpixcdg7kad0yjgxbbdhcrwxp02-openssl-3.3.2-man",
              "default": true
            },
            {
              "name": "out",
              "path": "/nix/store/58bcap7swhk30ac7fddfc8v3jfpdnznn-openssl-3.3.2"
            },
            {
              "name": "dev",
              "path": "/nix/store/80flmq38im6pc11pi4g3z2dqx5w9i4fi-openssl-3.3.2-dev"
            },
            {
              "name": "doc",
              "path": "/nix/store/dzjbjp5w88afqi5xq2vgd0b0knyx4ay4-openssl-3.3.2-doc"
            }
          ],
          "store_path": "/nix/store/k304w3422xydq6lawqk76sl4s8d711yn-openssl-3.3.2-bin"
        },
        "x86_64-linux": {
          "outputs": [
            {
              "name": "bin",
              "path": "/nix/store/6qfv77c88imjjhyljf989db3b63npxvy-openssl-3.3.2-bin",
              "default": true
            },
            {
              "name": "man",
              "path": "/nix/store/xd45svan6gihnz00zcnrch61nm2g557l-openssl-3.3.2-man",
              "default": true
            },
            {
              "name": "debug",
              "path": "/nix/store/x0f6md3d5nhhhf56jyhasi02jcgy7ynk-openssl-3.3.2-debug"
            },
            {
              "name": "dev",
              "path": "/nix/store/zgbn7c77c40zv9vaakvhynkjq8qnrn1y-openssl-3.3.2-dev"
            },
            {
              "name": "doc",
              "path": "/nix/store/8wyi7fnqi5hnj1i678qlajplibk4nlar-openssl-3.3.2-doc"
            },
            {
              "name": "out",
              "path": "/nix/store/f1nih7ybzfmpgspzp6ixfh9vibdbkygh-openssl-3.3.2"
            }
          ],
          "store_path": "/nix/store/6qfv77c88imjjhyljf989db3b63npxvy-openssl-3.3.2-bin"
        }
      }
    },
    "opentofu@latest": {
      "last_modified": "2025-02-07T11:26:36Z",
      "resolved": "github:NixOS/nixpkgs/d98abf5cf5914e5e4e9d57205e3af55ca90ffc1d#opentofu",
      "source": "devbox-search",
      "version": "1.9.0",
      "systems": {
        "aarch64-darwin": {
          "outputs": [
            {
              "name": "out",
              "path": "/nix/store/bk8lbpai9gckl24971cd7sy86nx65vqp-opentofu-1.9.0",
              "default": true
            }
          ],
          "store_path": "/nix/store/bk8lbpai9gckl24971cd7sy86nx65vqp-opentofu-1.9.0"
        },
        "aarch64-linux": {
          "outputs": [
            {
              "name": "out",
              "path": "/nix/store/k56jwj34f3qj0j0q7rsqsnzcvjm83xfb-opentofu-1.9.0",
              "default": true
            }
          ],
          "store_path": "/nix/store/k56jwj34f3qj0j0q7rsqsnzcvjm83xfb-opentofu-1.9.0"
        },
        "x86_64-darwin": {
          "outputs": [
            {
              "name": "out",
              "path": "/nix/store/q8a4niqvlph0gbch407q19v444qyflpi-opentofu-1.9.0",
              "default": true
            }
          ],
          "store_path": "/nix/store/q8a4niqvlph0gbch407q19v444qyflpi-opentofu-1.9.0"
        },
        "x86_64-linux": {
          "outputs": [
            {
              "name": "out",
              "path": "/nix/store/1gc7dl8bcrks1y98qlblr08aly4b3qry-opentofu-1.9.0",
              "default": true
            }
          ],
          "store_path": "/nix/store/1gc7dl8bcrks1y98qlblr08aly4b3qry-opentofu-1.9.0"
        }
      }
    },
    "sops@latest": {
      "last_modified": "2025-02-07T11:26:36Z",
      "resolved": "github:NixOS/nixpkgs/d98abf5cf5914e5e4e9d57205e3af55ca90ffc1d#sops",
      "source": "devbox-search",
      "version": "3.9.4",
      "systems": {
        "aarch64-darwin": {
          "outputs": [
            {
              "name": "out",
              "path": "/nix/store/asfydw69f5cfz0k4h1xg7fyxrj4imsq5-sops-3.9.4",
              "default": true
            }
          ],
          "store_path": "/nix/store/asfydw69f5cfz0k4h1xg7fyxrj4imsq5-sops-3.9.4"
        },
        "aarch64-linux": {
          "outputs": [
            {
              "name": "out",
              "path": "/nix/store/6v3n9r22fhg4v6w3xm1sb8b4qj38vxy5-sops-3.9.4",
              "default": true
            }
          ],
          "store_path": "/nix/store/6v3n9r22fhg4v6w3xm1sb8b4qj38vxy5-sops-3.9.4"
        },
        "x86_64-darwin": {
          "outputs": [
            {
              "name": "out",
              "path": "/nix/store/w9daavpv6sgpw9qd4m64r12na46929hc-sops-3.9.4",
              "default": true
            }
          ],
          "store_path": "/nix/store/w9daavpv6sgpw9qd4m64r12na46929hc-sops-3.9.4"
        },
        "x86_64-linux": {
          "outputs": [
            {
              "name": "out",
              "path": "/nix/store/pgigk14vnxpp5qr30znvhvrdzc5wlqxj-sops-3.9.4",
              "default": true
            }
          ],
          "store_path": "/nix/store/pgigk14vnxpp5qr30znvhvrdzc5wlqxj-sops-3.9.4"
        }
      }
    },
    "terragrunt@latest": {
      "last_modified": "2025-02-16T09:28:34Z",
      "resolved": "github:NixOS/nixpkgs/b1b43d32be000928cc71250ed77f4a0a5f2bc23a#terragrunt",
      "source": "devbox-search",
      "version": "0.73.5",
      "systems": {
        "aarch64-darwin": {
          "outputs": [
            {
              "name": "out",
              "path": "/nix/store/ja8v0hviwkqi4y6qsynbgkzb1giz9g9v-terragrunt-0.73.5",
              "default": true
            }
          ],
          "store_path": "/nix/store/ja8v0hviwkqi4y6qsynbgkzb1giz9g9v-terragrunt-0.73.5"
        },
        "aarch64-linux": {
          "outputs": [
            {
              "name": "out",
              "path": "/nix/store/9prqskw1m0qrflgzipr79hngbwyvsxza-terragrunt-0.73.5",
              "default": true
            }
          ],
          "store_path": "/nix/store/9prqskw1m0qrflgzipr79hngbwyvsxza-terragrunt-0.73.5"
        },
        "x86_64-darwin": {
          "outputs": [
            {
              "name": "out",
              "path": "/nix/store/nivcj8qwza918zcrriigvzbr5333514s-terragrunt-0.73.5",
              "default": true
            }
          ],
          "store_path": "/nix/store/nivcj8qwza918zcrriigvzbr5333514s-terragrunt-0.73.5"
        },
        "x86_64-linux": {
          "outputs": [
            {
              "name": "out",
              "path": "/nix/store/kpm7k7wq144gqrhd134ppx6f4g5n9d68-terragrunt-0.73.5",
              "default": true
            }
          ],
          "store_path": "/nix/store/kpm7k7wq144gqrhd134ppx6f4g5n9d68-terragrunt-0.73.5"
        }
      }
    },
    "tflint@latest": {
      "last_modified": "2025-02-07T11:26:36Z",
      "resolved": "github:NixOS/nixpkgs/d98abf5cf5914e5e4e9d57205e3af55ca90ffc1d#tflint",
      "source": "devbox-search",
      "version": "0.55.1",
      "systems": {
        "aarch64-darwin": {
          "outputs": [
            {
              "name": "out",
              "path": "/nix/store/68211bisbjwja8k9y2m25a1mpwzg8qkl-tflint-0.55.1",
              "default": true
            }
          ],
          "store_path": "/nix/store/68211bisbjwja8k9y2m25a1mpwzg8qkl-tflint-0.55.1"
        },
        "aarch64-linux": {
          "outputs": [
            {
              "name": "out",
              "path": "/nix/store/0j1gmqwj26f77rv7v7fcq5f1l8fijjwg-tflint-0.55.1",
              "default": true
            }
          ],
          "store_path": "/nix/store/0j1gmqwj26f77rv7v7fcq5f1l8fijjwg-tflint-0.55.1"
        },
        "x86_64-darwin": {
          "outputs": [
            {
              "name": "out",
              "path": "/nix/store/9sxdfdzhd3v400xir7apm5lqc4yx6wk3-tflint-0.55.1",
              "default": true
            }
          ],
          "store_path": "/nix/store/9sxdfdzhd3v400xir7apm5lqc4yx6wk3-tflint-0.55.1"
        },
        "x86_64-linux": {
          "outputs": [
            {
              "name": "out",
              "path": "/nix/store/l0w06x7r6c419mxc4xdm954j7rlm7xvp-tflint-0.55.1",
              "default": true
            }
          ],
          "store_path": "/nix/store/l0w06x7r6c419mxc4xdm954j7rlm7xvp-tflint-0.55.1"
        }
      }
    }
  }
}
